PODS:
  - FMDB (2.5):
    - FMDB/standard (= 2.5)
  - FMDB/common (2.5)
  - FMDB/standard (2.5):
    - FMDB/common
  - MJRefresh (2.4.12)
  - YYKit (0.2.0):
    - YYKit/no-arc (= 0.2.0)
  - YYKit/no-arc (0.2.0)

DEPENDENCIES:
  - FMDB
  - MJRefresh
  - YYKit

SPEC CHECKSUMS:
  FMDB: 96e8f1bcc1329e269330f99770ad4285d9003e52
  MJRefresh: ca8e9589895977df32d379d46e6b8a5450b3ff44
  YYKit: 1bd14a07d96fb80d08471a8a07c5e3425a3d2a45

COCOAPODS: 0.39.0
